
Microsoft Visual Studio Solution File, Format Version 12.00
# Visual Studio Version 17
VisualStudioVersion = 17.7.34018.315
MinimumVisualStudioVersion = 10.0.40219.1
Project("{FAE04EC0-301F-11D3-BF4B-00C04F79EFBC}") = "Warnings", "Warnings\Warnings.csproj", "{D06D594E-DF72-4B74-ADD5-51BE24F3052F}"
EndProject
Project("{FAE04EC0-301F-11D3-BF4B-00C04F79EFBC}") = "WarningsTest", "WarningsTest\WarningsTest.csproj", "{5141DD9C-6C80-4FFA-B18C-DB68B16E688A}"
EndProject
Global
	GlobalSection(SolutionConfigurationPlatforms) = preSolution
		Debug|Any CPU = Debug|Any CPU
		Release|Any CPU = Release|Any CPU
	EndGlobalSection
	GlobalSection(ProjectConfigurationPlatforms) = postSolution
		{D06D594E-DF72-4B74-ADD5-51BE24F3052F}.Debug|Any CPU.ActiveCfg = Debug|Any CPU
		{D06D594E-DF72-4B74-ADD5-51BE24F3052F}.Debug|Any CPU.Build.0 = Debug|Any CPU
		{D06D594E-DF72-4B74-ADD5-51BE24F3052F}.Release|Any CPU.ActiveCfg = Release|Any CPU
		{D06D594E-DF72-4B74-ADD5-51BE24F3052F}.Release|Any CPU.Build.0 = Release|Any CPU
		{5141DD9C-6C80-4FFA-B18C-DB68B16E688A}.Debug|Any CPU.ActiveCfg = Debug|Any CPU
		{5141DD9C-6C80-4FFA-B18C-DB68B16E688A}.Debug|Any CPU.Build.0 = Debug|Any CPU
		{5141DD9C-6C80-4FFA-B18C-DB68B16E688A}.Release|Any CPU.ActiveCfg = Release|Any CPU
		{5141DD9C-6C80-4FFA-B18C-DB68B16E688A}.Release|Any CPU.Build.0 = Release|Any CPU
	EndGlobalSection
	GlobalSection(SolutionProperties) = preSolution
		HideSolutionNode = FALSE
	EndGlobalSection
	GlobalSection(ExtensibilityGlobals) = postSolution
		SolutionGuid = {8E69F8C9-13DA-4522-8F71-3CC1DA61A81C}
	EndGlobalSection
EndGlobal
