
Microsoft Visual Studio Solution File, Format Version 12.00
# Visual Studio Version 17
VisualStudioVersion = 17.7.34018.315
MinimumVisualStudioVersion = 10.0.40219.1
Project("{FAE04EC0-301F-11D3-BF4B-00C04F79EFBC}") = "Setting Up NUnit Environment", "Setting Up NUnit Environment\Setting Up NUnit Environment.csproj", "{D7D1E989-EDA1-4387-B63B-A5EF8CED8636}"
EndProject
Global
	GlobalSection(SolutionConfigurationPlatforms) = preSolution
		Debug|Any CPU = Debug|Any CPU
		Release|Any CPU = Release|Any CPU
	EndGlobalSection
	GlobalSection(ProjectConfigurationPlatforms) = postSolution
		{D7D1E989-EDA1-4387-B63B-A5EF8CED8636}.Debug|Any CPU.ActiveCfg = Debug|Any CPU
		{D7D1E989-EDA1-4387-B63B-A5EF8CED8636}.Debug|Any CPU.Build.0 = Debug|Any CPU
		{D7D1E989-EDA1-4387-B63B-A5EF8CED8636}.Release|Any CPU.ActiveCfg = Release|Any CPU
		{D7D1E989-EDA1-4387-B63B-A5EF8CED8636}.Release|Any CPU.Build.0 = Release|Any CPU
	EndGlobalSection
	GlobalSection(SolutionProperties) = preSolution
		HideSolutionNode = FALSE
	EndGlobalSection
	GlobalSection(ExtensibilityGlobals) = postSolution
		SolutionGuid = {E7141BF2-2C94-4972-880C-4C200B653C0B}
	EndGlobalSection
EndGlobal
