
Microsoft Visual Studio Solution File, Format Version 12.00
# Visual Studio Version 17
VisualStudioVersion = 17.7.34018.315
MinimumVisualStudioVersion = 10.0.40219.1
Project("{FAE04EC0-301F-11D3-BF4B-00C04F79EFBC}") = "Mocks,Stubs,Fakes&Moles", "Mocks,Stubs,Fakes&Moles\Mocks,Stubs,Fakes&Moles.csproj", "{2DB124DF-EF73-41BE-A510-4270B8123465}"
EndProject
Project("{FAE04EC0-301F-11D3-BF4B-00C04F79EFBC}") = "Mocks,Stubs,Fakes&MolesTest", "Mocks,Stubs,Fakes&MolesTest\Mocks,Stubs,Fakes&MolesTest.csproj", "{3F3CF205-DF83-4796-94A1-B12646BB6FA5}"
EndProject
Global
	GlobalSection(SolutionConfigurationPlatforms) = preSolution
		Debug|Any CPU = Debug|Any CPU
		Release|Any CPU = Release|Any CPU
	EndGlobalSection
	GlobalSection(ProjectConfigurationPlatforms) = postSolution
		{2DB124DF-EF73-41BE-A510-4270B8123465}.Debug|Any CPU.ActiveCfg = Debug|Any CPU
		{2DB124DF-EF73-41BE-A510-4270B8123465}.Debug|Any CPU.Build.0 = Debug|Any CPU
		{2DB124DF-EF73-41BE-A510-4270B8123465}.Release|Any CPU.ActiveCfg = Release|Any CPU
		{2DB124DF-EF73-41BE-A510-4270B8123465}.Release|Any CPU.Build.0 = Release|Any CPU
		{3F3CF205-DF83-4796-94A1-B12646BB6FA5}.Debug|Any CPU.ActiveCfg = Debug|Any CPU
		{3F3CF205-DF83-4796-94A1-B12646BB6FA5}.Debug|Any CPU.Build.0 = Debug|Any CPU
		{3F3CF205-DF83-4796-94A1-B12646BB6FA5}.Release|Any CPU.ActiveCfg = Release|Any CPU
		{3F3CF205-DF83-4796-94A1-B12646BB6FA5}.Release|Any CPU.Build.0 = Release|Any CPU
	EndGlobalSection
	GlobalSection(SolutionProperties) = preSolution
		HideSolutionNode = FALSE
	EndGlobalSection
	GlobalSection(ExtensibilityGlobals) = postSolution
		SolutionGuid = {AA4768D5-2987-4A0B-BF42-8B704EA58F44}
	EndGlobalSection
EndGlobal
