
Microsoft Visual Studio Solution File, Format Version 12.00
# Visual Studio Version 17
VisualStudioVersion = 17.7.34018.315
MinimumVisualStudioVersion = 10.0.40219.1
Project("{FAE04EC0-301F-11D3-BF4B-00C04F79EFBC}") = "MultipleAssertions", "MultipleAssertions\MultipleAssertions.csproj", "{478607BF-0D0A-42BB-B023-3F182736559C}"
EndProject
Project("{FAE04EC0-301F-11D3-BF4B-00C04F79EFBC}") = "MultipleAssertionsTest", "MultipleAssertionsTest\MultipleAssertionsTest.csproj", "{3C789622-C80B-42DC-A3C5-863B19118B54}"
EndProject
Global
	GlobalSection(SolutionConfigurationPlatforms) = preSolution
		Debug|Any CPU = Debug|Any CPU
		Release|Any CPU = Release|Any CPU
	EndGlobalSection
	GlobalSection(ProjectConfigurationPlatforms) = postSolution
		{478607BF-0D0A-42BB-B023-3F182736559C}.Debug|Any CPU.ActiveCfg = Debug|Any CPU
		{478607BF-0D0A-42BB-B023-3F182736559C}.Debug|Any CPU.Build.0 = Debug|Any CPU
		{478607BF-0D0A-42BB-B023-3F182736559C}.Release|Any CPU.ActiveCfg = Release|Any CPU
		{478607BF-0D0A-42BB-B023-3F182736559C}.Release|Any CPU.Build.0 = Release|Any CPU
		{3C789622-C80B-42DC-A3C5-863B19118B54}.Debug|Any CPU.ActiveCfg = Debug|Any CPU
		{3C789622-C80B-42DC-A3C5-863B19118B54}.Debug|Any CPU.Build.0 = Debug|Any CPU
		{3C789622-C80B-42DC-A3C5-863B19118B54}.Release|Any CPU.ActiveCfg = Release|Any CPU
		{3C789622-C80B-42DC-A3C5-863B19118B54}.Release|Any CPU.Build.0 = Release|Any CPU
	EndGlobalSection
	GlobalSection(SolutionProperties) = preSolution
		HideSolutionNode = FALSE
	EndGlobalSection
	GlobalSection(ExtensibilityGlobals) = postSolution
		SolutionGuid = {BF7D1F2A-000D-4819-B743-DE46D38FBD02}
	EndGlobalSection
EndGlobal
